
Microsoft Visual Studio Solution File, Format Version 12.00
# Visual Studio Version 17
VisualStudioVersion = 17.9.34902.65
MinimumVisualStudioVersion = 10.0.40219.1
Project("{FAE04EC0-301F-11D3-BF4B-00C04F79EFBC}") = "Iteracion3-SueldoDeTrajeta", "Iteracion3-SueldoDeTrajeta\Iteracion3-SueldoDeTrajeta.csproj", "{AA0EFA22-0B73-4BE5-A606-037B82832F04}"
EndProject
Project("{FAE04EC0-301F-11D3-BF4B-00C04F79EFBC}") = "Iteracion3-SueldoDeTarjeta", "Iteracion3-SueldoDeTarjeta\Iteracion3-SueldoDeTarjeta.csproj", "{CE9CC5DA-E1A3-471C-BFED-3EC8AE0676CF}"
EndProject
Global
	GlobalSection(SolutionConfigurationPlatforms) = preSolution
		Debug|Any CPU = Debug|Any CPU
		Release|Any CPU = Release|Any CPU
	EndGlobalSection
	GlobalSection(ProjectConfigurationPlatforms) = postSolution
		{AA0EFA22-0B73-4BE5-A606-037B82832F04}.Debug|Any CPU.ActiveCfg = Debug|Any CPU
		{AA0EFA22-0B73-4BE5-A606-037B82832F04}.Debug|Any CPU.Build.0 = Debug|Any CPU
		{AA0EFA22-0B73-4BE5-A606-037B82832F04}.Release|Any CPU.ActiveCfg = Release|Any CPU
		{AA0EFA22-0B73-4BE5-A606-037B82832F04}.Release|Any CPU.Build.0 = Release|Any CPU
		{CE9CC5DA-E1A3-471C-BFED-3EC8AE0676CF}.Debug|Any CPU.ActiveCfg = Debug|Any CPU
		{CE9CC5DA-E1A3-471C-BFED-3EC8AE0676CF}.Debug|Any CPU.Build.0 = Debug|Any CPU
		{CE9CC5DA-E1A3-471C-BFED-3EC8AE0676CF}.Release|Any CPU.ActiveCfg = Release|Any CPU
		{CE9CC5DA-E1A3-471C-BFED-3EC8AE0676CF}.Release|Any CPU.Build.0 = Release|Any CPU
	EndGlobalSection
	GlobalSection(SolutionProperties) = preSolution
		HideSolutionNode = FALSE
	EndGlobalSection
	GlobalSection(ExtensibilityGlobals) = postSolution
		SolutionGuid = {59310426-A97A-4C79-B73D-CA200CB1F67F}
	EndGlobalSection
EndGlobal
